
Microsoft Visual Studio Solution File, Format Version 12.00
# Visual Studio Version 17
VisualStudioVersion = 17.7.34024.191
MinimumVisualStudioVersion = 10.0.40219.1
Project("{9A19103F-16F7-4668-BE54-9A1E7A4F7556}") = "VCPL", "VCPL\VCPL.csproj", "{9D4D4942-34DA-4654-8ED6-D28D2505ADE6}"
EndProject
Project("{9A19103F-16F7-4668-BE54-9A1E7A4F7556}") = "BasicFunctions", "BasicFunctions\BasicFunctions.csproj", "{3C1B57A0-2D29-48F9-8EFC-2082A3ED3D34}"
EndProject
Project("{9A19103F-16F7-4668-BE54-9A1E7A4F7556}") = "GlobalRealization", "GlobalRealization\GlobalRealization.csproj", "{D09EE5C2-12FF-45ED-9B04-71C1354C047B}"
EndProject
Project("{9A19103F-16F7-4668-BE54-9A1E7A4F7556}") = "VCPLBrowser", "VCPLBrowser\VCPLBrowser.csproj", "{F3891222-D923-414B-A7C8-97CCFDCB9BD8}"
EndProject
Project("{9A19103F-16F7-4668-BE54-9A1E7A4F7556}") = "VCPLConsole", "VCPLConsole\VCPLConsole.csproj", "{F608C68A-7446-409D-9A39-FEC306C6F8E8}"
EndProject
Project("{9A19103F-16F7-4668-BE54-9A1E7A4F7556}") = "FileController", "FileController\FileController.csproj", "{6250DE32-6EF9-45E1-9D0E-CBBAE721EE75}"
EndProject
Project("{FAE04EC0-301F-11D3-BF4B-00C04F79EFBC}") = "TestProject", "TestProject\TestProject.csproj", "{9ED616BD-010A-4E95-B5C8-4B308574A1F0}"
EndProject
Global
	GlobalSection(SolutionConfigurationPlatforms) = preSolution
		Debug|Any CPU = Debug|Any CPU
		Release|Any CPU = Release|Any CPU
	EndGlobalSection
	GlobalSection(ProjectConfigurationPlatforms) = postSolution
		{9D4D4942-34DA-4654-8ED6-D28D2505ADE6}.Debug|Any CPU.ActiveCfg = Debug|Any CPU
		{9D4D4942-34DA-4654-8ED6-D28D2505ADE6}.Debug|Any CPU.Build.0 = Debug|Any CPU
		{9D4D4942-34DA-4654-8ED6-D28D2505ADE6}.Release|Any CPU.ActiveCfg = Release|Any CPU
		{9D4D4942-34DA-4654-8ED6-D28D2505ADE6}.Release|Any CPU.Build.0 = Release|Any CPU
		{3C1B57A0-2D29-48F9-8EFC-2082A3ED3D34}.Debug|Any CPU.ActiveCfg = Debug|Any CPU
		{3C1B57A0-2D29-48F9-8EFC-2082A3ED3D34}.Debug|Any CPU.Build.0 = Debug|Any CPU
		{3C1B57A0-2D29-48F9-8EFC-2082A3ED3D34}.Release|Any CPU.ActiveCfg = Release|Any CPU
		{3C1B57A0-2D29-48F9-8EFC-2082A3ED3D34}.Release|Any CPU.Build.0 = Release|Any CPU
		{D09EE5C2-12FF-45ED-9B04-71C1354C047B}.Debug|Any CPU.ActiveCfg = Debug|Any CPU
		{D09EE5C2-12FF-45ED-9B04-71C1354C047B}.Debug|Any CPU.Build.0 = Debug|Any CPU
		{D09EE5C2-12FF-45ED-9B04-71C1354C047B}.Release|Any CPU.ActiveCfg = Release|Any CPU
		{D09EE5C2-12FF-45ED-9B04-71C1354C047B}.Release|Any CPU.Build.0 = Release|Any CPU
		{F3891222-D923-414B-A7C8-97CCFDCB9BD8}.Debug|Any CPU.ActiveCfg = Debug|Any CPU
		{F3891222-D923-414B-A7C8-97CCFDCB9BD8}.Debug|Any CPU.Build.0 = Debug|Any CPU
		{F3891222-D923-414B-A7C8-97CCFDCB9BD8}.Release|Any CPU.ActiveCfg = Release|Any CPU
		{F3891222-D923-414B-A7C8-97CCFDCB9BD8}.Release|Any CPU.Build.0 = Release|Any CPU
		{F608C68A-7446-409D-9A39-FEC306C6F8E8}.Debug|Any CPU.ActiveCfg = Debug|Any CPU
		{F608C68A-7446-409D-9A39-FEC306C6F8E8}.Debug|Any CPU.Build.0 = Debug|Any CPU
		{F608C68A-7446-409D-9A39-FEC306C6F8E8}.Release|Any CPU.ActiveCfg = Release|Any CPU
		{F608C68A-7446-409D-9A39-FEC306C6F8E8}.Release|Any CPU.Build.0 = Release|Any CPU
		{6250DE32-6EF9-45E1-9D0E-CBBAE721EE75}.Debug|Any CPU.ActiveCfg = Debug|Any CPU
		{6250DE32-6EF9-45E1-9D0E-CBBAE721EE75}.Debug|Any CPU.Build.0 = Debug|Any CPU
		{6250DE32-6EF9-45E1-9D0E-CBBAE721EE75}.Release|Any CPU.ActiveCfg = Release|Any CPU
		{6250DE32-6EF9-45E1-9D0E-CBBAE721EE75}.Release|Any CPU.Build.0 = Release|Any CPU
		{9ED616BD-010A-4E95-B5C8-4B308574A1F0}.Debug|Any CPU.ActiveCfg = Debug|Any CPU
		{9ED616BD-010A-4E95-B5C8-4B308574A1F0}.Debug|Any CPU.Build.0 = Debug|Any CPU
		{9ED616BD-010A-4E95-B5C8-4B308574A1F0}.Release|Any CPU.ActiveCfg = Release|Any CPU
		{9ED616BD-010A-4E95-B5C8-4B308574A1F0}.Release|Any CPU.Build.0 = Release|Any CPU
	EndGlobalSection
	GlobalSection(SolutionProperties) = preSolution
		HideSolutionNode = FALSE
	EndGlobalSection
	GlobalSection(ExtensibilityGlobals) = postSolution
		SolutionGuid = {44F457CF-0C09-4B53-8376-682985648585}
	EndGlobalSection
EndGlobal
