
Microsoft Visual Studio Solution File, Format Version 12.00
Project("{FAE04EC0-301F-11D3-BF4B-00C04F79EFBC}") = "VCPL", "VCPL\VCPL.csproj", "{9D4D4942-34DA-4654-8ED6-D28D2505ADE6}"
EndProject
Project("{FAE04EC0-301F-11D3-BF4B-00C04F79EFBC}") = "BasicFunctions", "BasicFunctions\BasicFunctions.csproj", "{3C1B57A0-2D29-48F9-8EFC-2082A3ED3D34}"
EndProject
Project("{FAE04EC0-301F-11D3-BF4B-00C04F79EFBC}") = "CustomLibraries", "CustomLibraries\CustomLibraries.csproj", "{A26A87B9-D4DA-465C-B91A-5C4AD34502C4}"
EndProject
Project("{FAE04EC0-301F-11D3-BF4B-00C04F79EFBC}") = "GlobalRealization", "GlobalRealization\GlobalRealization.csproj", "{D09EE5C2-12FF-45ED-9B04-71C1354C047B}"
EndProject
Global
	GlobalSection(SolutionConfigurationPlatforms) = preSolution
		Debug|Any CPU = Debug|Any CPU
		Release|Any CPU = Release|Any CPU
	EndGlobalSection
	GlobalSection(ProjectConfigurationPlatforms) = postSolution
		{9D4D4942-34DA-4654-8ED6-D28D2505ADE6}.Debug|Any CPU.ActiveCfg = Debug|Any CPU
		{9D4D4942-34DA-4654-8ED6-D28D2505ADE6}.Debug|Any CPU.Build.0 = Debug|Any CPU
		{9D4D4942-34DA-4654-8ED6-D28D2505ADE6}.Release|Any CPU.ActiveCfg = Release|Any CPU
		{9D4D4942-34DA-4654-8ED6-D28D2505ADE6}.Release|Any CPU.Build.0 = Release|Any CPU
		{3C1B57A0-2D29-48F9-8EFC-2082A3ED3D34}.Debug|Any CPU.ActiveCfg = Debug|Any CPU
		{3C1B57A0-2D29-48F9-8EFC-2082A3ED3D34}.Debug|Any CPU.Build.0 = Debug|Any CPU
		{3C1B57A0-2D29-48F9-8EFC-2082A3ED3D34}.Release|Any CPU.ActiveCfg = Release|Any CPU
		{3C1B57A0-2D29-48F9-8EFC-2082A3ED3D34}.Release|Any CPU.Build.0 = Release|Any CPU
		{A26A87B9-D4DA-465C-B91A-5C4AD34502C4}.Debug|Any CPU.ActiveCfg = Debug|Any CPU
		{A26A87B9-D4DA-465C-B91A-5C4AD34502C4}.Debug|Any CPU.Build.0 = Debug|Any CPU
		{A26A87B9-D4DA-465C-B91A-5C4AD34502C4}.Release|Any CPU.ActiveCfg = Release|Any CPU
		{A26A87B9-D4DA-465C-B91A-5C4AD34502C4}.Release|Any CPU.Build.0 = Release|Any CPU
		{D09EE5C2-12FF-45ED-9B04-71C1354C047B}.Debug|Any CPU.ActiveCfg = Debug|Any CPU
		{D09EE5C2-12FF-45ED-9B04-71C1354C047B}.Debug|Any CPU.Build.0 = Debug|Any CPU
		{D09EE5C2-12FF-45ED-9B04-71C1354C047B}.Release|Any CPU.ActiveCfg = Release|Any CPU
		{D09EE5C2-12FF-45ED-9B04-71C1354C047B}.Release|Any CPU.Build.0 = Release|Any CPU
	EndGlobalSection
EndGlobal
